# Generated by pub
# See https://dart.dev/tools/pub/glossary#lockfile
packages:
  async:
    dependency: transitive
    description:
      name: async
      url: "https://pub.dartlang.org"
    source: hosted
    version: "2.4.1"
  bloc:
    dependency: "direct main"
    description:
      path: "packages/bloc"
      ref: "bloc-v3.0.0"
      resolved-ref: e7aab9803b471a06adbc7ab8bc7d925f1979f3af
      url: "https://github.com/SwiftGrade/bloc"
    source: git
    version: "3.0.0"
  boolean_selector:
    dependency: transitive
    description:
      name: boolean_selector
      url: "https://pub.dartlang.org"
    source: hosted
    version: "2.0.0"
  charcode:
    dependency: transitive
    description:
      name: charcode
      url: "https://pub.dartlang.org"
    source: hosted
    version: "1.1.3"
  client_cookie:
    dependency: transitive
    description:
      name: client_cookie
      url: "https://pub.dartlang.org"
    source: hosted
    version: "2.2.1"
  collection:
    dependency: "direct main"
    description:
      name: collection
      url: "https://pub.dartlang.org"
    source: hosted
    version: "1.14.12"
  equatable:
    dependency: "direct main"
    description:
      path: "."
      ref: master
      resolved-ref: "29325c16e1afe8c6d7a1f541fe5b3892c6b8c1d9"
      url: "https://github.com/SwiftGrade/equatable"
    source: git
    version: "1.1.1"
  flutter:
    dependency: "direct main"
    description: flutter
    source: sdk
    version: "0.0.0"
  flutter_bloc:
    dependency: "direct main"
    description:
      path: "packages/flutter_bloc"
      ref: "bloc-v3.0.0"
      resolved-ref: e7aab9803b471a06adbc7ab8bc7d925f1979f3af
      url: "https://github.com/SwiftGrade/bloc"
    source: git
    version: "3.0.0-dev.1"
  flutter_test:
    dependency: "direct dev"
    description: flutter
    source: sdk
    version: "0.0.0"
  flutter_web_plugins:
    dependency: transitive
    description: flutter
    source: sdk
    version: "0.0.0"
  font_awesome_flutter:
    dependency: "direct main"
    description:
      path: "."
      ref: master
      resolved-ref: "4fd74f52c41690103c3f4e1b4ab01c76dfb931f2"
      url: "https://github.com/SwiftGrade/font_awesome_flutter"
    source: git
    version: "8.8.1"
  grade_core:
    dependency: "direct main"
    description:
      path: "vendored/grade_core"
      relative: true
    source: path
    version: "1.0.0"
  http:
    dependency: transitive
    description:
      name: http
      url: "https://pub.dartlang.org"
    source: hosted
    version: "0.12.0+4"
  http_parser:
    dependency: transitive
    description:
      name: http_parser
      url: "https://pub.dartlang.org"
    source: hosted
    version: "3.1.4"
  intl:
    dependency: "direct main"
    description:
      name: intl
      url: "https://pub.dartlang.org"
    source: hosted
    version: "0.16.1"
  matcher:
    dependency: transitive
    description:
      name: matcher
      url: "https://pub.dartlang.org"
    source: hosted
    version: "0.12.6"
  meta:
    dependency: transitive
    description:
      name: meta
      url: "https://pub.dartlang.org"
    source: hosted
    version: "1.1.8"
  nested:
    dependency: "direct overridden"
    description:
      path: "."
      ref: master
      resolved-ref: "1e8b280839744beb823feacce0df64a7e98be93a"
      url: "https://github.com/SwiftGrade/nested"
    source: git
    version: "0.0.4"
  path:
    dependency: transitive
    description:
      name: path
      url: "https://pub.dartlang.org"
    source: hosted
    version: "1.6.4"
  pedantic:
    dependency: "direct main"
    description:
      name: pedantic
      url: "https://pub.dartlang.org"
    source: hosted
    version: "1.9.0"
  provider:
    dependency: "direct overridden"
    description:
      path: "."
      ref: master
      resolved-ref: "8ee4430415b6c43a0b5cf98c1b36f51396231ace"
      url: "https://github.com/SwiftGrade/provider"
    source: git
    version: "4.0.5"
  quiver:
    dependency: "direct main"
    description:
      path: "."
      ref: master
      resolved-ref: "298637e5b8c8518b10dc3941f826ea4c10329575"
      url: "https://github.com/SwiftGrade/quiver-dart"
    source: git
    version: "2.1.3"
  rxdart:
    dependency: transitive
    description:
      name: rxdart
      url: "https://pub.dartlang.org"
    source: hosted
    version: "0.23.1"
  shared_preferences:
    dependency: "direct main"
    description:
      name: shared_preferences
      url: "https://pub.dartlang.org"
    source: hosted
    version: "0.5.6+3"
  shared_preferences_macos:
    dependency: transitive
    description:
      name: shared_preferences_macos
      url: "https://pub.dartlang.org"
    source: hosted
    version: "0.0.1+6"
  shared_preferences_platform_interface:
    dependency: transitive
    description:
      name: shared_preferences_platform_interface
      url: "https://pub.dartlang.org"
    source: hosted
    version: "1.0.3"
  shared_preferences_web:
    dependency: transitive
    description:
      name: shared_preferences_web
      url: "https://pub.dartlang.org"
    source: hosted
    version: "0.1.2+4"
  sis_loader:
    dependency: transitive
    description:
      path: "vendored/sis-loader"
      relative: true
    source: path
    version: "0.0.0"
  sky_engine:
    dependency: transitive
    description: flutter
    source: sdk
    version: "0.0.99"
  source_span:
    dependency: transitive
    description:
      name: source_span
      url: "https://pub.dartlang.org"
    source: hosted
    version: "1.7.0"
  stack_trace:
    dependency: transitive
    description:
      name: stack_trace
      url: "https://pub.dartlang.org"
    source: hosted
    version: "1.9.3"
  stream_channel:
    dependency: transitive
    description:
      name: stream_channel
      url: "https://pub.dartlang.org"
    source: hosted
    version: "2.0.0"
  string_scanner:
    dependency: transitive
    description:
      name: string_scanner
      url: "https://pub.dartlang.org"
    source: hosted
    version: "1.0.5"
  term_glyph:
    dependency: transitive
    description:
      name: term_glyph
      url: "https://pub.dartlang.org"
    source: hosted
    version: "1.1.0"
  test_api:
    dependency: transitive
    description:
      name: test_api
      url: "https://pub.dartlang.org"
    source: hosted
    version: "0.2.15"
  tuple:
    dependency: "direct main"
    description:
      path: "."
      ref: master
      resolved-ref: d39ed102dfe92b3b46d90e57395c80df333019e7
      url: "https://github.com/SwiftGrade/tuple"
    source: git
    version: "1.0.3"
  typed_data:
    dependency: transitive
    description:
      name: typed_data
      url: "https://pub.dartlang.org"
    source: hosted
    version: "1.1.6"
  vector_math:
    dependency: transitive
    description:
      name: vector_math
      url: "https://pub.dartlang.org"
    source: hosted
    version: "2.0.8"
sdks:
  dart: ">=2.7.0 <3.0.0"
  flutter: ">=1.12.13+hotfix.4 <2.0.0"
